
Microsoft Visual Studio Solution File, Format Version 12.00
# Visual Studio Version 17
VisualStudioVersion = 17.4.33122.133
MinimumVisualStudioVersion = 10.0.40219.1
Project("{FAE04EC0-301F-11D3-BF4B-00C04F79EFBC}") = "ContosoUniversity", "ContosoUniversity\ContosoUniversity.csproj", "{689D92B3-8B84-4B1D-861A-73149E5813B4}"
EndProject
Global
	GlobalSection(SolutionConfigurationPlatforms) = preSolution
		Debug|Any CPU = Debug|Any CPU
		Release|Any CPU = Release|Any CPU
	EndGlobalSection
	GlobalSection(ProjectConfigurationPlatforms) = postSolution
		{689D92B3-8B84-4B1D-861A-73149E5813B4}.Debug|Any CPU.ActiveCfg = Debug|Any CPU
		{689D92B3-8B84-4B1D-861A-73149E5813B4}.Debug|Any CPU.Build.0 = Debug|Any CPU
		{689D92B3-8B84-4B1D-861A-73149E5813B4}.Release|Any CPU.ActiveCfg = Release|Any CPU
		{689D92B3-8B84-4B1D-861A-73149E5813B4}.Release|Any CPU.Build.0 = Release|Any CPU
	EndGlobalSection
	GlobalSection(SolutionProperties) = preSolution
		HideSolutionNode = FALSE
	EndGlobalSection
	GlobalSection(ExtensibilityGlobals) = postSolution
		SolutionGuid = {1D553F3A-044A-406F-AC94-1CB6541EA5A6}
	EndGlobalSection
EndGlobal
